
Microsoft Visual Studio Solution File, Format Version 12.00
Project("{FAE04EC0-301F-11D3-BF4B-00C04F79EFBC}") = "Downfall", "Downfall.csproj", "{034500D8-B226-4D20-B63E-E66EEAAF8CB9}"
EndProject
Project("{FAE04EC0-301F-11D3-BF4B-00C04F79EFBC}") = "ImageGen", "ImageGen\ImageGen.csproj", "{109DC8AD-86FC-43EB-B0B2-CE0E6EC2EC57}"
EndProject
Project("{FAE04EC0-301F-11D3-BF4B-00C04F79EFBC}") = "DataGen", "DataGen.csproj", "{82ACF291-639D-4BC6-A502-B001A46F5C62}"
EndProject
Global
	GlobalSection(SolutionConfigurationPlatforms) = preSolution
		Debug|Any CPU = Debug|Any CPU
		ExportDebug|Any CPU = ExportDebug|Any CPU
		ExportRelease|Any CPU = ExportRelease|Any CPU
	EndGlobalSection
	GlobalSection(ProjectConfigurationPlatforms) = postSolution
		{C94A26FA-E6C7-4379-A249-EE5B904E082E}.Debug|Any CPU.ActiveCfg = Debug|Any CPU
		{C94A26FA-E6C7-4379-A249-EE5B904E082E}.Debug|Any CPU.Build.0 = Debug|Any CPU
		{C94A26FA-E6C7-4379-A249-EE5B904E082E}.ExportDebug|Any CPU.ActiveCfg = ExportDebug|Any CPU
		{C94A26FA-E6C7-4379-A249-EE5B904E082E}.ExportDebug|Any CPU.Build.0 = ExportDebug|Any CPU
		{C94A26FA-E6C7-4379-A249-EE5B904E082E}.ExportRelease|Any CPU.ActiveCfg = ExportRelease|Any CPU
		{C94A26FA-E6C7-4379-A249-EE5B904E082E}.ExportRelease|Any CPU.Build.0 = ExportRelease|Any CPU
		{3E04C00D-BCCC-4657-A995-B8B616D4B7D8}.Debug|Any CPU.ActiveCfg = Debug|Any CPU
		{3E04C00D-BCCC-4657-A995-B8B616D4B7D8}.Debug|Any CPU.Build.0 = Debug|Any CPU
		{3E04C00D-BCCC-4657-A995-B8B616D4B7D8}.ExportDebug|Any CPU.ActiveCfg = ExportDebug|Any CPU
		{3E04C00D-BCCC-4657-A995-B8B616D4B7D8}.ExportDebug|Any CPU.Build.0 = ExportDebug|Any CPU
		{3E04C00D-BCCC-4657-A995-B8B616D4B7D8}.ExportRelease|Any CPU.ActiveCfg = ExportRelease|Any CPU
		{3E04C00D-BCCC-4657-A995-B8B616D4B7D8}.ExportRelease|Any CPU.Build.0 = ExportRelease|Any CPU
		{15170DF4-A167-4CE4-BF9A-2D0ABBBCE088}.Debug|Any CPU.ActiveCfg = Debug|Any CPU
		{15170DF4-A167-4CE4-BF9A-2D0ABBBCE088}.Debug|Any CPU.Build.0 = Debug|Any CPU
		{15170DF4-A167-4CE4-BF9A-2D0ABBBCE088}.ExportDebug|Any CPU.ActiveCfg = ExportDebug|Any CPU
		{15170DF4-A167-4CE4-BF9A-2D0ABBBCE088}.ExportDebug|Any CPU.Build.0 = ExportDebug|Any CPU
		{15170DF4-A167-4CE4-BF9A-2D0ABBBCE088}.ExportRelease|Any CPU.ActiveCfg = ExportRelease|Any CPU
		{15170DF4-A167-4CE4-BF9A-2D0ABBBCE088}.ExportRelease|Any CPU.Build.0 = ExportRelease|Any CPU
		{D2CA7C68-A71F-4158-9E1A-B3841C86802A}.Debug|Any CPU.ActiveCfg = Debug|Any CPU
		{D2CA7C68-A71F-4158-9E1A-B3841C86802A}.Debug|Any CPU.Build.0 = Debug|Any CPU
		{D2CA7C68-A71F-4158-9E1A-B3841C86802A}.ExportDebug|Any CPU.ActiveCfg = ExportDebug|Any CPU
		{D2CA7C68-A71F-4158-9E1A-B3841C86802A}.ExportDebug|Any CPU.Build.0 = ExportDebug|Any CPU
		{D2CA7C68-A71F-4158-9E1A-B3841C86802A}.ExportRelease|Any CPU.ActiveCfg = ExportRelease|Any CPU
		{D2CA7C68-A71F-4158-9E1A-B3841C86802A}.ExportRelease|Any CPU.Build.0 = ExportRelease|Any CPU
		{EDFA3DCE-A1A8-4C55-9DC2-18FFC6A550F5}.Debug|Any CPU.ActiveCfg = Debug|Any CPU
		{EDFA3DCE-A1A8-4C55-9DC2-18FFC6A550F5}.Debug|Any CPU.Build.0 = Debug|Any CPU
		{EDFA3DCE-A1A8-4C55-9DC2-18FFC6A550F5}.ExportDebug|Any CPU.ActiveCfg = ExportDebug|Any CPU
		{EDFA3DCE-A1A8-4C55-9DC2-18FFC6A550F5}.ExportDebug|Any CPU.Build.0 = ExportDebug|Any CPU
		{EDFA3DCE-A1A8-4C55-9DC2-18FFC6A550F5}.ExportRelease|Any CPU.ActiveCfg = ExportRelease|Any CPU
		{EDFA3DCE-A1A8-4C55-9DC2-18FFC6A550F5}.ExportRelease|Any CPU.Build.0 = ExportRelease|Any CPU
		{256949FE-8441-4B60-9694-B5F700150CC0}.Debug|Any CPU.ActiveCfg = Debug|Any CPU
		{256949FE-8441-4B60-9694-B5F700150CC0}.Debug|Any CPU.Build.0 = Debug|Any CPU
		{256949FE-8441-4B60-9694-B5F700150CC0}.ExportDebug|Any CPU.ActiveCfg = ExportDebug|Any CPU
		{256949FE-8441-4B60-9694-B5F700150CC0}.ExportDebug|Any CPU.Build.0 = ExportDebug|Any CPU
		{256949FE-8441-4B60-9694-B5F700150CC0}.ExportRelease|Any CPU.ActiveCfg = ExportRelease|Any CPU
		{256949FE-8441-4B60-9694-B5F700150CC0}.ExportRelease|Any CPU.Build.0 = ExportRelease|Any CPU
		{BFFF0C15-ADE9-4B04-AB10-9D1499F3869F}.Debug|Any CPU.ActiveCfg = Debug|Any CPU
		{BFFF0C15-ADE9-4B04-AB10-9D1499F3869F}.Debug|Any CPU.Build.0 = Debug|Any CPU
		{BFFF0C15-ADE9-4B04-AB10-9D1499F3869F}.ExportDebug|Any CPU.ActiveCfg = ExportDebug|Any CPU
		{BFFF0C15-ADE9-4B04-AB10-9D1499F3869F}.ExportDebug|Any CPU.Build.0 = ExportDebug|Any CPU
		{BFFF0C15-ADE9-4B04-AB10-9D1499F3869F}.ExportRelease|Any CPU.ActiveCfg = ExportRelease|Any CPU
		{BFFF0C15-ADE9-4B04-AB10-9D1499F3869F}.ExportRelease|Any CPU.Build.0 = ExportRelease|Any CPU
		{3ACDC53B-4459-41E4-9C34-9605071B3D79}.Debug|Any CPU.ActiveCfg = Debug|Any CPU
		{3ACDC53B-4459-41E4-9C34-9605071B3D79}.Debug|Any CPU.Build.0 = Debug|Any CPU
		{3ACDC53B-4459-41E4-9C34-9605071B3D79}.ExportDebug|Any CPU.ActiveCfg = ExportDebug|Any CPU
		{3ACDC53B-4459-41E4-9C34-9605071B3D79}.ExportDebug|Any CPU.Build.0 = ExportDebug|Any CPU
		{3ACDC53B-4459-41E4-9C34-9605071B3D79}.ExportRelease|Any CPU.ActiveCfg = ExportRelease|Any CPU
		{3ACDC53B-4459-41E4-9C34-9605071B3D79}.ExportRelease|Any CPU.Build.0 = ExportRelease|Any CPU
		{170B8DB9-5622-4146-8DA9-E5377FD2AC8A}.Debug|Any CPU.ActiveCfg = Debug|Any CPU
		{170B8DB9-5622-4146-8DA9-E5377FD2AC8A}.Debug|Any CPU.Build.0 = Debug|Any CPU
		{170B8DB9-5622-4146-8DA9-E5377FD2AC8A}.ExportDebug|Any CPU.ActiveCfg = ExportDebug|Any CPU
		{170B8DB9-5622-4146-8DA9-E5377FD2AC8A}.ExportDebug|Any CPU.Build.0 = ExportDebug|Any CPU
		{170B8DB9-5622-4146-8DA9-E5377FD2AC8A}.ExportRelease|Any CPU.ActiveCfg = ExportRelease|Any CPU
		{170B8DB9-5622-4146-8DA9-E5377FD2AC8A}.ExportRelease|Any CPU.Build.0 = ExportRelease|Any CPU
		{7F31A704-58B4-4A70-A3F9-4AB5A3832892}.Debug|Any CPU.ActiveCfg = Debug|Any CPU
		{7F31A704-58B4-4A70-A3F9-4AB5A3832892}.Debug|Any CPU.Build.0 = Debug|Any CPU
		{7F31A704-58B4-4A70-A3F9-4AB5A3832892}.ExportDebug|Any CPU.ActiveCfg = ExportDebug|Any CPU
		{7F31A704-58B4-4A70-A3F9-4AB5A3832892}.ExportDebug|Any CPU.Build.0 = ExportDebug|Any CPU
		{7F31A704-58B4-4A70-A3F9-4AB5A3832892}.ExportRelease|Any CPU.ActiveCfg = ExportRelease|Any CPU
		{7F31A704-58B4-4A70-A3F9-4AB5A3832892}.ExportRelease|Any CPU.Build.0 = ExportRelease|Any CPU
		{034500D8-B226-4D20-B63E-E66EEAAF8CB9}.Debug|Any CPU.ActiveCfg = Debug|Any CPU
		{034500D8-B226-4D20-B63E-E66EEAAF8CB9}.Debug|Any CPU.Build.0 = Debug|Any CPU
		{034500D8-B226-4D20-B63E-E66EEAAF8CB9}.ExportDebug|Any CPU.ActiveCfg = ExportDebug|Any CPU
		{034500D8-B226-4D20-B63E-E66EEAAF8CB9}.ExportDebug|Any CPU.Build.0 = ExportDebug|Any CPU
		{034500D8-B226-4D20-B63E-E66EEAAF8CB9}.ExportRelease|Any CPU.ActiveCfg = ExportRelease|Any CPU
		{034500D8-B226-4D20-B63E-E66EEAAF8CB9}.ExportRelease|Any CPU.Build.0 = ExportRelease|Any CPU
		{F83B14DD-E791-479E-A0C6-41CF9381594D}.Debug|Any CPU.ActiveCfg = Debug|Any CPU
		{F83B14DD-E791-479E-A0C6-41CF9381594D}.Debug|Any CPU.Build.0 = Debug|Any CPU
		{F83B14DD-E791-479E-A0C6-41CF9381594D}.ExportDebug|Any CPU.ActiveCfg = ExportDebug|Any CPU
		{F83B14DD-E791-479E-A0C6-41CF9381594D}.ExportDebug|Any CPU.Build.0 = ExportDebug|Any CPU
		{F83B14DD-E791-479E-A0C6-41CF9381594D}.ExportRelease|Any CPU.ActiveCfg = ExportRelease|Any CPU
		{F83B14DD-E791-479E-A0C6-41CF9381594D}.ExportRelease|Any CPU.Build.0 = ExportRelease|Any CPU
		{109DC8AD-86FC-43EB-B0B2-CE0E6EC2EC57}.Debug|Any CPU.ActiveCfg = Debug|Any CPU
		{109DC8AD-86FC-43EB-B0B2-CE0E6EC2EC57}.Debug|Any CPU.Build.0 = Debug|Any CPU
		{109DC8AD-86FC-43EB-B0B2-CE0E6EC2EC57}.ExportDebug|Any CPU.ActiveCfg = Debug|Any CPU
		{109DC8AD-86FC-43EB-B0B2-CE0E6EC2EC57}.ExportDebug|Any CPU.Build.0 = Debug|Any CPU
		{109DC8AD-86FC-43EB-B0B2-CE0E6EC2EC57}.ExportRelease|Any CPU.ActiveCfg = Debug|Any CPU
		{109DC8AD-86FC-43EB-B0B2-CE0E6EC2EC57}.ExportRelease|Any CPU.Build.0 = Debug|Any CPU
		{7FBA6FE9-30B1-4073-B3BA-7246C22AC781}.Debug|Any CPU.ActiveCfg = Debug|Any CPU
		{7FBA6FE9-30B1-4073-B3BA-7246C22AC781}.Debug|Any CPU.Build.0 = Debug|Any CPU
		{7FBA6FE9-30B1-4073-B3BA-7246C22AC781}.ExportDebug|Any CPU.ActiveCfg = ExportDebug|Any CPU
		{7FBA6FE9-30B1-4073-B3BA-7246C22AC781}.ExportDebug|Any CPU.Build.0 = ExportDebug|Any CPU
		{7FBA6FE9-30B1-4073-B3BA-7246C22AC781}.ExportRelease|Any CPU.ActiveCfg = ExportRelease|Any CPU
		{7FBA6FE9-30B1-4073-B3BA-7246C22AC781}.ExportRelease|Any CPU.Build.0 = ExportRelease|Any CPU
		{82ACF291-639D-4BC6-A502-B001A46F5C62}.Debug|Any CPU.ActiveCfg = Debug|Any CPU
		{82ACF291-639D-4BC6-A502-B001A46F5C62}.Debug|Any CPU.Build.0 = Debug|Any CPU
		{82ACF291-639D-4BC6-A502-B001A46F5C62}.ExportDebug|Any CPU.ActiveCfg = Debug|Any CPU
		{82ACF291-639D-4BC6-A502-B001A46F5C62}.ExportDebug|Any CPU.Build.0 = Debug|Any CPU
		{82ACF291-639D-4BC6-A502-B001A46F5C62}.ExportRelease|Any CPU.ActiveCfg = Debug|Any CPU
		{82ACF291-639D-4BC6-A502-B001A46F5C62}.ExportRelease|Any CPU.Build.0 = Debug|Any CPU
		{579ACEFC-670E-4510-8581-148092FB9E5E}.Debug|Any CPU.ActiveCfg = Debug|Any CPU
		{579ACEFC-670E-4510-8581-148092FB9E5E}.Debug|Any CPU.Build.0 = Debug|Any CPU
		{579ACEFC-670E-4510-8581-148092FB9E5E}.ExportDebug|Any CPU.ActiveCfg = Debug|Any CPU
		{579ACEFC-670E-4510-8581-148092FB9E5E}.ExportDebug|Any CPU.Build.0 = Debug|Any CPU
		{579ACEFC-670E-4510-8581-148092FB9E5E}.ExportRelease|Any CPU.ActiveCfg = Debug|Any CPU
		{579ACEFC-670E-4510-8581-148092FB9E5E}.ExportRelease|Any CPU.Build.0 = Debug|Any CPU
	EndGlobalSection
EndGlobal
